
Microsoft Visual Studio Solution File, Format Version 12.00
# Visual Studio Version 17
VisualStudioVersion = 17.4.33110.190
MinimumVisualStudioVersion = 10.0.40219.1
Project("{9A19103F-16F7-4668-BE54-9A1E7A4F7556}") = "Exercicios 1, 2 e 4", "Questão 1\Exercicios 1, 2 e 4.csproj", "{6C261FE6-ED87-44E9-A051-7F41BDE8875F}"
EndProject
Project("{9A19103F-16F7-4668-BE54-9A1E7A4F7556}") = "Exercicio 3", "Questão 3\Exercicio 3.csproj", "{50AD435A-D560-44A8-9D69-CC130E07CD1B}"
EndProject
Project("{9A19103F-16F7-4668-BE54-9A1E7A4F7556}") = "Exercicio 5", "Questão 5\Exercicio 5.csproj", "{184AF49D-826C-4C05-A947-F4E839E935F0}"
EndProject
Global
	GlobalSection(SolutionConfigurationPlatforms) = preSolution
		Debug|Any CPU = Debug|Any CPU
		Release|Any CPU = Release|Any CPU
	EndGlobalSection
	GlobalSection(ProjectConfigurationPlatforms) = postSolution
		{6C261FE6-ED87-44E9-A051-7F41BDE8875F}.Debug|Any CPU.ActiveCfg = Debug|Any CPU
		{6C261FE6-ED87-44E9-A051-7F41BDE8875F}.Debug|Any CPU.Build.0 = Debug|Any CPU
		{6C261FE6-ED87-44E9-A051-7F41BDE8875F}.Release|Any CPU.ActiveCfg = Release|Any CPU
		{6C261FE6-ED87-44E9-A051-7F41BDE8875F}.Release|Any CPU.Build.0 = Release|Any CPU
		{50AD435A-D560-44A8-9D69-CC130E07CD1B}.Debug|Any CPU.ActiveCfg = Debug|Any CPU
		{50AD435A-D560-44A8-9D69-CC130E07CD1B}.Debug|Any CPU.Build.0 = Debug|Any CPU
		{50AD435A-D560-44A8-9D69-CC130E07CD1B}.Release|Any CPU.ActiveCfg = Release|Any CPU
		{50AD435A-D560-44A8-9D69-CC130E07CD1B}.Release|Any CPU.Build.0 = Release|Any CPU
		{184AF49D-826C-4C05-A947-F4E839E935F0}.Debug|Any CPU.ActiveCfg = Debug|Any CPU
		{184AF49D-826C-4C05-A947-F4E839E935F0}.Debug|Any CPU.Build.0 = Debug|Any CPU
		{184AF49D-826C-4C05-A947-F4E839E935F0}.Release|Any CPU.ActiveCfg = Release|Any CPU
		{184AF49D-826C-4C05-A947-F4E839E935F0}.Release|Any CPU.Build.0 = Release|Any CPU
	EndGlobalSection
	GlobalSection(SolutionProperties) = preSolution
		HideSolutionNode = FALSE
	EndGlobalSection
	GlobalSection(ExtensibilityGlobals) = postSolution
		SolutionGuid = {4DC1E719-EEBB-4944-8DB5-BAFE9646C5E9}
	EndGlobalSection
EndGlobal
